
Microsoft Visual Studio Solution File, Format Version 12.00
# Visual Studio Version 17
VisualStudioVersion = 17.8.34316.72
MinimumVisualStudioVersion = 10.0.40219.1
Project("{FAE04EC0-301F-11D3-BF4B-00C04F79EFBC}") = "Secretariat_Soft", "Secretariat_Soft\Secretariat_Soft.csproj", "{0083B294-6132-4211-A194-EC59E9BEFB20}"
EndProject
Global
	GlobalSection(SolutionConfigurationPlatforms) = preSolution
		Debug|Any CPU = Debug|Any CPU
		Release|Any CPU = Release|Any CPU
	EndGlobalSection
	GlobalSection(ProjectConfigurationPlatforms) = postSolution
		{0083B294-6132-4211-A194-EC59E9BEFB20}.Debug|Any CPU.ActiveCfg = Debug|Any CPU
		{0083B294-6132-4211-A194-EC59E9BEFB20}.Debug|Any CPU.Build.0 = Debug|Any CPU
		{0083B294-6132-4211-A194-EC59E9BEFB20}.Release|Any CPU.ActiveCfg = Release|Any CPU
		{0083B294-6132-4211-A194-EC59E9BEFB20}.Release|Any CPU.Build.0 = Release|Any CPU
	EndGlobalSection
	GlobalSection(SolutionProperties) = preSolution
		HideSolutionNode = FALSE
	EndGlobalSection
	GlobalSection(ExtensibilityGlobals) = postSolution
		SolutionGuid = {4C048685-50F7-4B2C-8D02-4C575E181F11}
	EndGlobalSection
EndGlobal
